{
  " requiere " : verdadero ,
  " lockfileVersion " : 1 ,
  " dependencias " : {
    " @ angular / language-service " : {
      " versión " : " 7.2.0 " ,
      " resuelto " : " https://registry.npmjs.org/@angular/language-service/-/language-service-7.2.0.tgz " ,
      " integridad " : " sha512-UDmIRR0ybdafrJLHkSDgc / 3PpsA9lnwXqGMSAyyhEF3InORFFkloAb0a6Naz + y8ePgEMfqbpyWjtzo8qGtOmEQ == " ,
      " dev " : verdadero
    },
    " mecanografiado " : {
      " versión " : " 3.2.2 " ,
      " resuelto " : " https://registry.npmjs.org/typescript/-/typescript-3.2.2.tgz " ,
      " integridad " : " sha512-VCj5UiSyHBjwfYacmDuc / NOk4QQixbE + Wn7MFJuS0nRuPQbof132Pw4u53dm264O8LPc2MVsc7RJNml5szurkg == "
    }
  }
}
